
Microsoft Visual Studio Solution File, Format Version 12.00
# Visual Studio Version 17
VisualStudioVersion = 17.0.31919.166
MinimumVisualStudioVersion = 10.0.40219.1
Project("{FAE04EC0-301F-11D3-BF4B-00C04F79EFBC}") = "UC12_CONTROLES-DE-SERVIÇO-TI", "UC12_CONTROLES-DE-SERVIÇO-TI\UC12_CONTROLES-DE-SERVIÇO-TI.csproj", "{06521040-2611-4206-9AB9-37063394A167}"
EndProject
Global
	GlobalSection(SolutionConfigurationPlatforms) = preSolution
		Debug|Any CPU = Debug|Any CPU
		Release|Any CPU = Release|Any CPU
	EndGlobalSection
	GlobalSection(ProjectConfigurationPlatforms) = postSolution
		{06521040-2611-4206-9AB9-37063394A167}.Debug|Any CPU.ActiveCfg = Debug|Any CPU
		{06521040-2611-4206-9AB9-37063394A167}.Debug|Any CPU.Build.0 = Debug|Any CPU
		{06521040-2611-4206-9AB9-37063394A167}.Release|Any CPU.ActiveCfg = Release|Any CPU
		{06521040-2611-4206-9AB9-37063394A167}.Release|Any CPU.Build.0 = Release|Any CPU
	EndGlobalSection
	GlobalSection(SolutionProperties) = preSolution
		HideSolutionNode = FALSE
	EndGlobalSection
	GlobalSection(ExtensibilityGlobals) = postSolution
		SolutionGuid = {FADF5D6C-7569-415E-BB62-84B238B3E477}
	EndGlobalSection
EndGlobal
